
Microsoft Visual Studio Solution File, Format Version 12.00
# Visual Studio Version 17
VisualStudioVersion = 17.0.31512.422
MinimumVisualStudioVersion = 10.0.40219.1
Project("{FAE04EC0-301F-11D3-BF4B-00C04F79EFBC}") = "MyAngularNetCore", "MyAngularNetCore.csproj", "{01CCF6B5-5734-41F1-B6DE-C5AD1785C323}"
EndProject
Global
	GlobalSection(SolutionConfigurationPlatforms) = preSolution
		Debug|Any CPU = Debug|Any CPU
		Release|Any CPU = Release|Any CPU
	EndGlobalSection
	GlobalSection(ProjectConfigurationPlatforms) = postSolution
		{01CCF6B5-5734-41F1-B6DE-C5AD1785C323}.Debug|Any CPU.ActiveCfg = Debug|Any CPU
		{01CCF6B5-5734-41F1-B6DE-C5AD1785C323}.Debug|Any CPU.Build.0 = Debug|Any CPU
		{01CCF6B5-5734-41F1-B6DE-C5AD1785C323}.Release|Any CPU.ActiveCfg = Release|Any CPU
		{01CCF6B5-5734-41F1-B6DE-C5AD1785C323}.Release|Any CPU.Build.0 = Release|Any CPU
	EndGlobalSection
	GlobalSection(SolutionProperties) = preSolution
		HideSolutionNode = FALSE
	EndGlobalSection
	GlobalSection(ExtensibilityGlobals) = postSolution
		SolutionGuid = {1523C89E-13E7-448A-87F7-43AB5140B10E}
	EndGlobalSection
EndGlobal
